
Microsoft Visual Studio Solution File, Format Version 11.00
# Visual Studio 2010
Project("{FAE04EC0-301F-11D3-BF4B-00C04F79EFBC}") = "Assembly-CSharp", "Assembly-CSharp.csproj", "{7acb1a99-85cc-1e4b-ce9a-c9c5fdec3f6f}"
EndProject
Project("{FAE04EC0-301F-11D3-BF4B-00C04F79EFBC}") = "HybridCLR.Runtime", "HybridCLR.Runtime.csproj", "{e30e1b72-3624-5c33-6eb2-aa8e891fec8e}"
EndProject
Project("{FAE04EC0-301F-11D3-BF4B-00C04F79EFBC}") = "DebugL8", "DebugL8.csproj", "{e8b0ad15-e89d-f186-0403-70d08c26f368}"
EndProject
Project("{FAE04EC0-301F-11D3-BF4B-00C04F79EFBC}") = "Hybrid", "Hybrid.csproj", "{0cd454ea-59ba-b968-b612-a77db538a51a}"
EndProject
Project("{FAE04EC0-301F-11D3-BF4B-00C04F79EFBC}") = "AssetBundleManager", "AssetBundleManager.csproj", "{c4865593-4041-2efd-5692-4e951afab5c7}"
EndProject
Project("{FAE04EC0-301F-11D3-BF4B-00C04F79EFBC}") = "Utility", "Utility.csproj", "{8c0d27a7-839b-baf5-fe54-50946b148c16}"
EndProject
Project("{FAE04EC0-301F-11D3-BF4B-00C04F79EFBC}") = "HybridCLR.Editor", "HybridCLR.Editor.csproj", "{17fc2f2b-ca57-ef2f-77ba-0daea726c2f7}"
EndProject
Project("{FAE04EC0-301F-11D3-BF4B-00C04F79EFBC}") = "Assembly-CSharp-Editor", "Assembly-CSharp-Editor.csproj", "{af70f218-1cfc-2146-b59f-aa2ea2c57e8d}"
EndProject
Project("{FAE04EC0-301F-11D3-BF4B-00C04F79EFBC}") = "Assembly-CSharp-firstpass", "Assembly-CSharp-firstpass.csproj", "{1536764b-3bbe-e12f-ce65-a479cfbd5603}"
EndProject
Global
	GlobalSection(SolutionConfigurationPlatforms) = preSolution
		Debug|Any CPU = Debug|Any CPU
	EndGlobalSection
	GlobalSection(ProjectConfigurationPlatforms) = postSolution
		{7acb1a99-85cc-1e4b-ce9a-c9c5fdec3f6f}.Debug|Any CPU.ActiveCfg = Debug|Any CPU
		{7acb1a99-85cc-1e4b-ce9a-c9c5fdec3f6f}.Debug|Any CPU.Build.0 = Debug|Any CPU
		{e30e1b72-3624-5c33-6eb2-aa8e891fec8e}.Debug|Any CPU.ActiveCfg = Debug|Any CPU
		{e30e1b72-3624-5c33-6eb2-aa8e891fec8e}.Debug|Any CPU.Build.0 = Debug|Any CPU
		{e8b0ad15-e89d-f186-0403-70d08c26f368}.Debug|Any CPU.ActiveCfg = Debug|Any CPU
		{e8b0ad15-e89d-f186-0403-70d08c26f368}.Debug|Any CPU.Build.0 = Debug|Any CPU
		{0cd454ea-59ba-b968-b612-a77db538a51a}.Debug|Any CPU.ActiveCfg = Debug|Any CPU
		{0cd454ea-59ba-b968-b612-a77db538a51a}.Debug|Any CPU.Build.0 = Debug|Any CPU
		{c4865593-4041-2efd-5692-4e951afab5c7}.Debug|Any CPU.ActiveCfg = Debug|Any CPU
		{c4865593-4041-2efd-5692-4e951afab5c7}.Debug|Any CPU.Build.0 = Debug|Any CPU
		{8c0d27a7-839b-baf5-fe54-50946b148c16}.Debug|Any CPU.ActiveCfg = Debug|Any CPU
		{8c0d27a7-839b-baf5-fe54-50946b148c16}.Debug|Any CPU.Build.0 = Debug|Any CPU
		{17fc2f2b-ca57-ef2f-77ba-0daea726c2f7}.Debug|Any CPU.ActiveCfg = Debug|Any CPU
		{17fc2f2b-ca57-ef2f-77ba-0daea726c2f7}.Debug|Any CPU.Build.0 = Debug|Any CPU
		{af70f218-1cfc-2146-b59f-aa2ea2c57e8d}.Debug|Any CPU.ActiveCfg = Debug|Any CPU
		{af70f218-1cfc-2146-b59f-aa2ea2c57e8d}.Debug|Any CPU.Build.0 = Debug|Any CPU
		{1536764b-3bbe-e12f-ce65-a479cfbd5603}.Debug|Any CPU.ActiveCfg = Debug|Any CPU
		{1536764b-3bbe-e12f-ce65-a479cfbd5603}.Debug|Any CPU.Build.0 = Debug|Any CPU
	EndGlobalSection
	GlobalSection(SolutionProperties) = preSolution
		HideSolutionNode = FALSE
	EndGlobalSection
EndGlobal
